// !$*UTF8*$!
{
	archiveVersion = 1;
	classes = {
	};
	objectVersion = 56;
	objects = {

/* Begin PBXBuildFile section */
		9927454929BA0A50005233A8 /* AppDelegate.swift in Sources */ = {isa = PBXBuildFile; fileRef = 9927454829BA0A50005233A8 /* AppDelegate.swift */; };
		9927454B29BA0A50005233A8 /* SceneDelegate.swift in Sources */ = {isa = PBXBuildFile; fileRef = 9927454A29BA0A50005233A8 /* SceneDelegate.swift */; };
		9927455029BA0A50005233A8 /* Main.storyboard in Resources */ = {isa = PBXBuildFile; fileRef = 9927454E29BA0A50005233A8 /* Main.storyboard */; };
		9927455229BA0A52005233A8 /* Assets.xcassets in Resources */ = {isa = PBXBuildFile; fileRef = 9927455129BA0A52005233A8 /* Assets.xcassets */; };
		9927455529BA0A52005233A8 /* LaunchScreen.storyboard in Resources */ = {isa = PBXBuildFile; fileRef = 9927455329BA0A52005233A8 /* LaunchScreen.storyboard */; };
		9927455D29BA134B005233A8 /* HomeTableViewController.swift in Sources */ = {isa = PBXBuildFile; fileRef = 9927455C29BA134B005233A8 /* HomeTableViewController.swift */; };
		9927455F29BA1393005233A8 /* HomeTableViewCell.swift in Sources */ = {isa = PBXBuildFile; fileRef = 9927455E29BA1393005233A8 /* HomeTableViewCell.swift */; };
		9927456129BA13E0005233A8 /* IRepo.swift in Sources */ = {isa = PBXBuildFile; fileRef = 9927456029BA13E0005233A8 /* IRepo.swift */; };
		9927456329BA1CD9005233A8 /* supercars.plist in Resources */ = {isa = PBXBuildFile; fileRef = 9927456229BA1CD9005233A8 /* supercars.plist */; };
		9927456629BA2BD3005233A8 /* ModelOfCars.swift in Sources */ = {isa = PBXBuildFile; fileRef = 9927456529BA2BD3005233A8 /* ModelOfCars.swift */; };
		9927456929BA2C81005233A8 /* enums.swift in Sources */ = {isa = PBXBuildFile; fileRef = 9927456829BA2C81005233A8 /* enums.swift */; };
		9927456B29BA2D23005233A8 /* extentions.swift in Sources */ = {isa = PBXBuildFile; fileRef = 9927456A29BA2D23005233A8 /* extentions.swift */; };
		9927456D29BA30F6005233A8 /* pListLoader.swift in Sources */ = {isa = PBXBuildFile; fileRef = 9927456C29BA30F6005233A8 /* pListLoader.swift */; };
		9927456F29BA6CEB005233A8 /* DetailTableViewController.swift in Sources */ = {isa = PBXBuildFile; fileRef = 9927456E29BA6CEB005233A8 /* DetailTableViewController.swift */; };
		998EB31729BB6B7800A44689 /* protocols.swift in Sources */ = {isa = PBXBuildFile; fileRef = 998EB31629BB6B7800A44689 /* protocols.swift */; };
/* End PBXBuildFile section */

/* Begin PBXFileReference section */
		9927454529BA0A50005233A8 /* SuperSporCarsApp.app */ = {isa = PBXFileReference; explicitFileType = wrapper.application; includeInIndex = 0; path = SuperSporCarsApp.app; sourceTree = BUILT_PRODUCTS_DIR; };
		9927454829BA0A50005233A8 /* AppDelegate.swift */ = {isa = PBXFileReference; lastKnownFileType = sourcecode.swift; path = AppDelegate.swift; sourceTree = "<group>"; };
		9927454A29BA0A50005233A8 /* SceneDelegate.swift */ = {isa = PBXFileReference; lastKnownFileType = sourcecode.swift; path = SceneDelegate.swift; sourceTree = "<group>"; };
		9927454F29BA0A50005233A8 /* Base */ = {isa = PBXFileReference; lastKnownFileType = file.storyboard; name = Base; path = Base.lproj/Main.storyboard; sourceTree = "<group>"; };
		9927455129BA0A52005233A8 /* Assets.xcassets */ = {isa = PBXFileReference; lastKnownFileType = folder.assetcatalog; path = Assets.xcassets; sourceTree = "<group>"; };
		9927455429BA0A52005233A8 /* Base */ = {isa = PBXFileReference; lastKnownFileType = file.storyboard; name = Base; path = Base.lproj/LaunchScreen.storyboard; sourceTree = "<group>"; };
		9927455629BA0A52005233A8 /* Info.plist */ = {isa = PBXFileReference; lastKnownFileType = text.plist.xml; path = Info.plist; sourceTree = "<group>"; };
		9927455C29BA134B005233A8 /* HomeTableViewController.swift */ = {isa = PBXFileReference; lastKnownFileType = sourcecode.swift; path = HomeTableViewController.swift; sourceTree = "<group>"; };
		9927455E29BA1393005233A8 /* HomeTableViewCell.swift */ = {isa = PBXFileReference; lastKnownFileType = sourcecode.swift; path = HomeTableViewCell.swift; sourceTree = "<group>"; };
		9927456029BA13E0005233A8 /* IRepo.swift */ = {isa = PBXFileReference; lastKnownFileType = sourcecode.swift; path = IRepo.swift; sourceTree = "<group>"; };
		9927456229BA1CD9005233A8 /* supercars.plist */ = {isa = PBXFileReference; lastKnownFileType = text.plist.xml; path = supercars.plist; sourceTree = "<group>"; };
		9927456529BA2BD3005233A8 /* ModelOfCars.swift */ = {isa = PBXFileReference; lastKnownFileType = sourcecode.swift; path = ModelOfCars.swift; sourceTree = "<group>"; };
		9927456829BA2C81005233A8 /* enums.swift */ = {isa = PBXFileReference; lastKnownFileType = sourcecode.swift; path = enums.swift; sourceTree = "<group>"; };
		9927456A29BA2D23005233A8 /* extentions.swift */ = {isa = PBXFileReference; lastKnownFileType = sourcecode.swift; path = extentions.swift; sourceTree = "<group>"; };
		9927456C29BA30F6005233A8 /* pListLoader.swift */ = {isa = PBXFileReference; lastKnownFileType = sourcecode.swift; path = pListLoader.swift; sourceTree = "<group>"; };
		9927456E29BA6CEB005233A8 /* DetailTableViewController.swift */ = {isa = PBXFileReference; lastKnownFileType = sourcecode.swift; path = DetailTableViewController.swift; sourceTree = "<group>"; };
		998EB31629BB6B7800A44689 /* protocols.swift */ = {isa = PBXFileReference; lastKnownFileType = sourcecode.swift; path = protocols.swift; sourceTree = "<group>"; };
/* End PBXFileReference section */

/* Begin PBXFrameworksBuildPhase section */
		9927454229BA0A50005233A8 /* Frameworks */ = {
			isa = PBXFrameworksBuildPhase;
			buildActionMask = 2147483647;
			files = (
			);
			runOnlyForDeploymentPostprocessing = 0;
		};
/* End PBXFrameworksBuildPhase section */

/* Begin PBXGroup section */
		9927453C29BA0A50005233A8 = {
			isa = PBXGroup;
			children = (
				9927456E29BA6CEB005233A8 /* DetailTableViewController.swift */,
				9927454729BA0A50005233A8 /* SuperSporCarsApp */,
				9927454629BA0A50005233A8 /* Products */,
			);
			sourceTree = "<group>";
		};
		9927454629BA0A50005233A8 /* Products */ = {
			isa = PBXGroup;
			children = (
				9927454529BA0A50005233A8 /* SuperSporCarsApp.app */,
			);
			name = Products;
			sourceTree = "<group>";
		};
		9927454729BA0A50005233A8 /* SuperSporCarsApp */ = {
			isa = PBXGroup;
			children = (
				9927456729BA2C74005233A8 /* Tools */,
				9927456429BA2BB9005233A8 /* Models */,
				9927454829BA0A50005233A8 /* AppDelegate.swift */,
				9927456229BA1CD9005233A8 /* supercars.plist */,
				9927454A29BA0A50005233A8 /* SceneDelegate.swift */,
				9927454E29BA0A50005233A8 /* Main.storyboard */,
				9927455E29BA1393005233A8 /* HomeTableViewCell.swift */,
				9927455C29BA134B005233A8 /* HomeTableViewController.swift */,
				9927456C29BA30F6005233A8 /* pListLoader.swift */,
				9927456029BA13E0005233A8 /* IRepo.swift */,
				9927455129BA0A52005233A8 /* Assets.xcassets */,
				9927455329BA0A52005233A8 /* LaunchScreen.storyboard */,
				9927455629BA0A52005233A8 /* Info.plist */,
			);
			path = SuperSporCarsApp;
			sourceTree = "<group>";
		};
		9927456429BA2BB9005233A8 /* Models */ = {
			isa = PBXGroup;
			children = (
				9927456529BA2BD3005233A8 /* ModelOfCars.swift */,
			);
			path = Models;
			sourceTree = "<group>";
		};
		9927456729BA2C74005233A8 /* Tools */ = {
			isa = PBXGroup;
			children = (
				9927456829BA2C81005233A8 /* enums.swift */,
				9927456A29BA2D23005233A8 /* extentions.swift */,
				998EB31629BB6B7800A44689 /* protocols.swift */,
			);
			path = Tools;
			sourceTree = "<group>";
		};
/* End PBXGroup section */

/* Begin PBXNativeTarget section */
		9927454429BA0A50005233A8 /* SuperSporCarsApp */ = {
			isa = PBXNativeTarget;
			buildConfigurationList = 9927455929BA0A52005233A8 /* Build configuration list for PBXNativeTarget "SuperSporCarsApp" */;
			buildPhases = (
				9927454129BA0A50005233A8 /* Sources */,
				9927454229BA0A50005233A8 /* Frameworks */,
				9927454329BA0A50005233A8 /* Resources */,
			);
			buildRules = (
			);
			dependencies = (
			);
			name = SuperSporCarsApp;
			productName = SuperSporCarsApp;
			productReference = 9927454529BA0A50005233A8 /* SuperSporCarsApp.app */;
			productType = "com.apple.product-type.application";
		};
/* End PBXNativeTarget section */

/* Begin PBXProject section */
		9927453D29BA0A50005233A8 /* Project object */ = {
			isa = PBXProject;
			attributes = {
				BuildIndependentTargetsInParallel = 1;
				LastSwiftUpdateCheck = 1420;
				LastUpgradeCheck = 1420;
				TargetAttributes = {
					9927454429BA0A50005233A8 = {
						CreatedOnToolsVersion = 14.2;
					};
				};
			};
			buildConfigurationList = 9927454029BA0A50005233A8 /* Build configuration list for PBXProject "SuperSporCarsApp" */;
			compatibilityVersion = "Xcode 14.0";
			developmentRegion = en;
			hasScannedForEncodings = 0;
			knownRegions = (
				en,
				Base,
			);
			mainGroup = 9927453C29BA0A50005233A8;
			productRefGroup = 9927454629BA0A50005233A8 /* Products */;
			projectDirPath = "";
			projectRoot = "";
			targets = (
				9927454429BA0A50005233A8 /* SuperSporCarsApp */,
			);
		};
/* End PBXProject section */

/* Begin PBXResourcesBuildPhase section */
		9927454329BA0A50005233A8 /* Resources */ = {
			isa = PBXResourcesBuildPhase;
			buildActionMask = 2147483647;
			files = (
				9927455529BA0A52005233A8 /* LaunchScreen.storyboard in Resources */,
				9927456329BA1CD9005233A8 /* supercars.plist in Resources */,
				9927455229BA0A52005233A8 /* Assets.xcassets in Resources */,
				9927455029BA0A50005233A8 /* Main.storyboard in Resources */,
			);
			runOnlyForDeploymentPostprocessing = 0;
		};
/* End PBXResourcesBuildPhase section */

/* Begin PBXSourcesBuildPhase section */
		9927454129BA0A50005233A8 /* Sources */ = {
			isa = PBXSourcesBuildPhase;
			buildActionMask = 2147483647;
			files = (
				9927456929BA2C81005233A8 /* enums.swift in Sources */,
				9927455D29BA134B005233A8 /* HomeTableViewController.swift in Sources */,
				9927456129BA13E0005233A8 /* IRepo.swift in Sources */,
				9927454929BA0A50005233A8 /* AppDelegate.swift in Sources */,
				9927456B29BA2D23005233A8 /* extentions.swift in Sources */,
				9927455F29BA1393005233A8 /* HomeTableViewCell.swift in Sources */,
				998EB31729BB6B7800A44689 /* protocols.swift in Sources */,
				9927456F29BA6CEB005233A8 /* DetailTableViewController.swift in Sources */,
				9927456D29BA30F6005233A8 /* pListLoader.swift in Sources */,
				9927454B29BA0A50005233A8 /* SceneDelegate.swift in Sources */,
				9927456629BA2BD3005233A8 /* ModelOfCars.swift in Sources */,
			);
			runOnlyForDeploymentPostprocessing = 0;
		};
/* End PBXSourcesBuildPhase section */

/* Begin PBXVariantGroup section */
		9927454E29BA0A50005233A8 /* Main.storyboard */ = {
			isa = PBXVariantGroup;
			children = (
				9927454F29BA0A50005233A8 /* Base */,
			);
			name = Main.storyboard;
			sourceTree = "<group>";
		};
		9927455329BA0A52005233A8 /* LaunchScreen.storyboard */ = {
			isa = PBXVariantGroup;
			children = (
				9927455429BA0A52005233A8 /* Base */,
			);
			name = LaunchScreen.storyboard;
			sourceTree = "<group>";
		};
/* End PBXVariantGroup section */

/* Begin XCBuildConfiguration section */
		9927455729BA0A52005233A8 /* Debug */ = {
			isa = XCBuildConfiguration;
			buildSettings = {
				ALWAYS_SEARCH_USER_PATHS = NO;
				CLANG_ANALYZER_NONNULL = YES;
				CLANG_ANALYZER_NUMBER_OBJECT_CONVERSION = YES_AGGRESSIVE;
				CLANG_CXX_LANGUAGE_STANDARD = "gnu++20";
				CLANG_ENABLE_MODULES = YES;
				CLANG_ENABLE_OBJC_ARC = YES;
				CLANG_ENABLE_OBJC_WEAK = YES;
				CLANG_WARN_BLOCK_CAPTURE_AUTORELEASING = YES;
				CLANG_WARN_BOOL_CONVERSION = YES;
				CLANG_WARN_COMMA = YES;
				CLANG_WARN_CONSTANT_CONVERSION = YES;
				CLANG_WARN_DEPRECATED_OBJC_IMPLEMENTATIONS = YES;
				CLANG_WARN_DIRECT_OBJC_ISA_USAGE = YES_ERROR;
				CLANG_WARN_DOCUMENTATION_COMMENTS = YES;
				CLANG_WARN_EMPTY_BODY = YES;
				CLANG_WARN_ENUM_CONVERSION = YES;
				CLANG_WARN_INFINITE_RECURSION = YES;
				CLANG_WARN_INT_CONVERSION = YES;
				CLANG_WARN_NON_LITERAL_NULL_CONVERSION = YES;
				CLANG_WARN_OBJC_IMPLICIT_RETAIN_SELF = YES;
				CLANG_WARN_OBJC_LITERAL_CONVERSION = YES;
				CLANG_WARN_OBJC_ROOT_CLASS = YES_ERROR;
				CLANG_WARN_QUOTED_INCLUDE_IN_FRAMEWORK_HEADER = YES;
				CLANG_WARN_RANGE_LOOP_ANALYSIS = YES;
				CLANG_WARN_STRICT_PROTOTYPES = YES;
				CLANG_WARN_SUSPICIOUS_MOVE = YES;
				CLANG_WARN_UNGUARDED_AVAILABILITY = YES_AGGRESSIVE;
				CLANG_WARN_UNREACHABLE_CODE = YES;
				CLANG_WARN__DUPLICATE_METHOD_MATCH = YES;
				COPY_PHASE_STRIP = NO;
				DEBUG_INFORMATION_FORMAT = dwarf;
				ENABLE_STRICT_OBJC_MSGSEND = YES;
				ENABLE_TESTABILITY = YES;
				GCC_C_LANGUAGE_STANDARD = gnu11;
				GCC_DYNAMIC_NO_PIC = NO;
				GCC_NO_COMMON_BLOCKS = YES;
				GCC_OPTIMIZATION_LEVEL = 0;
				GCC_PREPROCESSOR_DEFINITIONS = (
					"DEBUG=1",
					"$(inherited)",
				);
				GCC_WARN_64_TO_32_BIT_CONVERSION = YES;
				GCC_WARN_ABOUT_RETURN_TYPE = YES_ERROR;
				GCC_WARN_UNDECLARED_SELECTOR = YES;
				GCC_WARN_UNINITIALIZED_AUTOS = YES_AGGRESSIVE;
				GCC_WARN_UNUSED_FUNCTION = YES;
				GCC_WARN_UNUSED_VARIABLE = YES;
				IPHONEOS_DEPLOYMENT_TARGET = 16.2;
				MTL_ENABLE_DEBUG_INFO = INCLUDE_SOURCE;
				MTL_FAST_MATH = YES;
				ONLY_ACTIVE_ARCH = YES;
				SDKROOT = iphoneos;
				SWIFT_ACTIVE_COMPILATION_CONDITIONS = DEBUG;
				SWIFT_OPTIMIZATION_LEVEL = "-Onone";
			};
			name = Debug;
		};
		9927455829BA0A52005233A8 /* Release */ = {
			isa = XCBuildConfiguration;
			buildSettings = {
				ALWAYS_SEARCH_USER_PATHS = NO;
				CLANG_ANALYZER_NONNULL = YES;
				CLANG_ANALYZER_NUMBER_OBJECT_CONVERSION = YES_AGGRESSIVE;
				CLANG_CXX_LANGUAGE_STANDARD = "gnu++20";
				CLANG_ENABLE_MODULES = YES;
				CLANG_ENABLE_OBJC_ARC = YES;
				CLANG_ENABLE_OBJC_WEAK = YES;
				CLANG_WARN_BLOCK_CAPTURE_AUTORELEASING = YES;
				CLANG_WARN_BOOL_CONVERSION = YES;
				CLANG_WARN_COMMA = YES;
				CLANG_WARN_CONSTANT_CONVERSION = YES;
				CLANG_WARN_DEPRECATED_OBJC_IMPLEMENTATIONS = YES;
				CLANG_WARN_DIRECT_OBJC_ISA_USAGE = YES_ERROR;
				CLANG_WARN_DOCUMENTATION_COMMENTS = YES;
				CLANG_WARN_EMPTY_BODY = YES;
				CLANG_WARN_ENUM_CONVERSION = YES;
				CLANG_WARN_INFINITE_RECURSION = YES;
				CLANG_WARN_INT_CONVERSION = YES;
				CLANG_WARN_NON_LITERAL_NULL_CONVERSION = YES;
				CLANG_WARN_OBJC_IMPLICIT_RETAIN_SELF = YES;
				CLANG_WARN_OBJC_LITERAL_CONVERSION = YES;
				CLANG_WARN_OBJC_ROOT_CLASS = YES_ERROR;
				CLANG_WARN_QUOTED_INCLUDE_IN_FRAMEWORK_HEADER = YES;
				CLANG_WARN_RANGE_LOOP_ANALYSIS = YES;
				CLANG_WARN_STRICT_PROTOTYPES = YES;
				CLANG_WARN_SUSPICIOUS_MOVE = YES;
				CLANG_WARN_UNGUARDED_AVAILABILITY = YES_AGGRESSIVE;
				CLANG_WARN_UNREACHABLE_CODE = YES;
				CLANG_WARN__DUPLICATE_METHOD_MATCH = YES;
				COPY_PHASE_STRIP = NO;
				DEBUG_INFORMATION_FORMAT = "dwarf-with-dsym";
				ENABLE_NS_ASSERTIONS = NO;
				ENABLE_STRICT_OBJC_MSGSEND = YES;
				GCC_C_LANGUAGE_STANDARD = gnu11;
				GCC_NO_COMMON_BLOCKS = YES;
				GCC_WARN_64_TO_32_BIT_CONVERSION = YES;
				GCC_WARN_ABOUT_RETURN_TYPE = YES_ERROR;
				GCC_WARN_UNDECLARED_SELECTOR = YES;
				GCC_WARN_UNINITIALIZED_AUTOS = YES_AGGRESSIVE;
				GCC_WARN_UNUSED_FUNCTION = YES;
				GCC_WARN_UNUSED_VARIABLE = YES;
				IPHONEOS_DEPLOYMENT_TARGET = 16.2;
				MTL_ENABLE_DEBUG_INFO = NO;
				MTL_FAST_MATH = YES;
				SDKROOT = iphoneos;
				SWIFT_COMPILATION_MODE = wholemodule;
				SWIFT_OPTIMIZATION_LEVEL = "-O";
				VALIDATE_PRODUCT = YES;
			};
			name = Release;
		};
		9927455A29BA0A52005233A8 /* Debug */ = {
			isa = XCBuildConfiguration;
			buildSettings = {
				ASSETCATALOG_COMPILER_APPICON_NAME = AppIcon;
				ASSETCATALOG_COMPILER_GLOBAL_ACCENT_COLOR_NAME = AccentColor;
				CODE_SIGN_STYLE = Automatic;
				CURRENT_PROJECT_VERSION = 1;
				DEVELOPMENT_TEAM = 3TU663K6SL;
				GENERATE_INFOPLIST_FILE = YES;
				INFOPLIST_FILE = SuperSporCarsApp/Info.plist;
				INFOPLIST_KEY_UIApplicationSupportsIndirectInputEvents = YES;
				INFOPLIST_KEY_UILaunchStoryboardName = LaunchScreen;
				INFOPLIST_KEY_UIMainStoryboardFile = Main;
				INFOPLIST_KEY_UISupportedInterfaceOrientations_iPad = "UIInterfaceOrientationPortrait UIInterfaceOrientationPortraitUpsideDown UIInterfaceOrientationLandscapeLeft UIInterfaceOrientationLandscapeRight";
				INFOPLIST_KEY_UISupportedInterfaceOrientations_iPhone = "UIInterfaceOrientationPortrait UIInterfaceOrientationLandscapeLeft UIInterfaceOrientationLandscapeRight";
				IPHONEOS_DEPLOYMENT_TARGET = 15.5;
				LD_RUNPATH_SEARCH_PATHS = (
					"$(inherited)",
					"@executable_path/Frameworks",
				);
				MARKETING_VERSION = 1.0;
				PRODUCT_BUNDLE_IDENTIFIER = com.semihekmen.SuperSporCarsApp;
				PRODUCT_NAME = "$(TARGET_NAME)";
				SWIFT_EMIT_LOC_STRINGS = YES;
				SWIFT_VERSION = 5.0;
				TARGETED_DEVICE_FAMILY = "1,2";
			};
			name = Debug;
		};
		9927455B29BA0A52005233A8 /* Release */ = {
			isa = XCBuildConfiguration;
			buildSettings = {
				ASSETCATALOG_COMPILER_APPICON_NAME = AppIcon;
				ASSETCATALOG_COMPILER_GLOBAL_ACCENT_COLOR_NAME = AccentColor;
				CODE_SIGN_STYLE = Automatic;
				CURRENT_PROJECT_VERSION = 1;
				DEVELOPMENT_TEAM = 3TU663K6SL;
				GENERATE_INFOPLIST_FILE = YES;
				INFOPLIST_FILE = SuperSporCarsApp/Info.plist;
				INFOPLIST_KEY_UIApplicationSupportsIndirectInputEvents = YES;
				INFOPLIST_KEY_UILaunchStoryboardName = LaunchScreen;
				INFOPLIST_KEY_UIMainStoryboardFile = Main;
				INFOPLIST_KEY_UISupportedInterfaceOrientations_iPad = "UIInterfaceOrientationPortrait UIInterfaceOrientationPortraitUpsideDown UIInterfaceOrientationLandscapeLeft UIInterfaceOrientationLandscapeRight";
				INFOPLIST_KEY_UISupportedInterfaceOrientations_iPhone = "UIInterfaceOrientationPortrait UIInterfaceOrientationLandscapeLeft UIInterfaceOrientationLandscapeRight";
				IPHONEOS_DEPLOYMENT_TARGET = 15.5;
				LD_RUNPATH_SEARCH_PATHS = (
					"$(inherited)",
					"@executable_path/Frameworks",
				);
				MARKETING_VERSION = 1.0;
				PRODUCT_BUNDLE_IDENTIFIER = com.semihekmen.SuperSporCarsApp;
				PRODUCT_NAME = "$(TARGET_NAME)";
				SWIFT_EMIT_LOC_STRINGS = YES;
				SWIFT_VERSION = 5.0;
				TARGETED_DEVICE_FAMILY = "1,2";
			};
			name = Release;
		};
/* End XCBuildConfiguration section */

/* Begin XCConfigurationList section */
		9927454029BA0A50005233A8 /* Build configuration list for PBXProject "SuperSporCarsApp" */ = {
			isa = XCConfigurationList;
			buildConfigurations = (
				9927455729BA0A52005233A8 /* Debug */,
				9927455829BA0A52005233A8 /* Release */,
			);
			defaultConfigurationIsVisible = 0;
			defaultConfigurationName = Release;
		};
		9927455929BA0A52005233A8 /* Build configuration list for PBXNativeTarget "SuperSporCarsApp" */ = {
			isa = XCConfigurationList;
			buildConfigurations = (
				9927455A29BA0A52005233A8 /* Debug */,
				9927455B29BA0A52005233A8 /* Release */,
			);
			defaultConfigurationIsVisible = 0;
			defaultConfigurationName = Release;
		};
/* End XCConfigurationList section */
	};
	rootObject = 9927453D29BA0A50005233A8 /* Project object */;
}
